
Microsoft Visual Studio Solution File, Format Version 12.00
# Visual Studio 2012
Project("{FAE04EC0-301F-11D3-BF4B-00C04F79EFBC}") = "DomManipulationTesting", "DomManipulationTesting\DomManipulationTesting.csproj", "{0C9FBCAD-43E2-42AE-A822-08E4A940EBB6}"
EndProject
Project("{FAE04EC0-301F-11D3-BF4B-00C04F79EFBC}") = "DomManipulation.Scripts.Testing", "DomManipulation.Scripts.Testing\DomManipulation.Scripts.Testing.csproj", "{A578DBE6-4D08-42B3-8704-231A5AA43343}"
EndProject
Global
	GlobalSection(SolutionConfigurationPlatforms) = preSolution
		Debug|Any CPU = Debug|Any CPU
		Release|Any CPU = Release|Any CPU
	EndGlobalSection
	GlobalSection(ProjectConfigurationPlatforms) = postSolution
		{0C9FBCAD-43E2-42AE-A822-08E4A940EBB6}.Debug|Any CPU.ActiveCfg = Debug|Any CPU
		{0C9FBCAD-43E2-42AE-A822-08E4A940EBB6}.Debug|Any CPU.Build.0 = Debug|Any CPU
		{0C9FBCAD-43E2-42AE-A822-08E4A940EBB6}.Release|Any CPU.ActiveCfg = Release|Any CPU
		{0C9FBCAD-43E2-42AE-A822-08E4A940EBB6}.Release|Any CPU.Build.0 = Release|Any CPU
		{A578DBE6-4D08-42B3-8704-231A5AA43343}.Debug|Any CPU.ActiveCfg = Debug|Any CPU
		{A578DBE6-4D08-42B3-8704-231A5AA43343}.Debug|Any CPU.Build.0 = Debug|Any CPU
		{A578DBE6-4D08-42B3-8704-231A5AA43343}.Release|Any CPU.ActiveCfg = Release|Any CPU
		{A578DBE6-4D08-42B3-8704-231A5AA43343}.Release|Any CPU.Build.0 = Release|Any CPU
	EndGlobalSection
	GlobalSection(SolutionProperties) = preSolution
		HideSolutionNode = FALSE
	EndGlobalSection
EndGlobal
